<?xml version="1.0" encoding="utf-8"?>
<Project ToolsVersion="4.0" xmlns:atg="http://atg.xbox.com" xmlns="http://schemas.microsoft.com/developer/msbuild/2003">
  <ItemGroup>
    <Filter Include="Resource Files">
      <UniqueIdentifier>{8e114980-c1a3-4ada-ad7c-83caadf5daeb}</UniqueIdentifier>
      <Extensions>rc;ico;cur;bmp;dlg;rc2;rct;bin;rgs;gif;jpg;jpeg;jpe</Extensions>
    </Filter>
    <Filter Include="DXUT">
      <UniqueIdentifier>{a43c5c25-0e86-4a20-b64a-883785ff74fd}</UniqueIdentifier>
    </Filter>
    <Filter Include="Shaders">
      <UniqueIdentifier>{2c3d4c8c-5d1a-459a-a05a-a4e4b608a44e}</UniqueIdentifier>
      <Extensions>fx;fxh;hlsl</Extensions>
    </Filter>
    <Filter Include="Thing3D">
      <UniqueIdentifier>{0780c812-649f-43ab-a76b-da242a923c3a}</UniqueIdentifier>
    </Filter>
    <Filter Include="Tile">
      <UniqueIdentifier>{4ab5461d-b148-4bea-8d24-a8da91a2d994}</UniqueIdentifier>
    </Filter>
  </ItemGroup>
  <ItemGroup>
    <None Include="DXUT\Optional\directx.ico">
      <Filter>Resource Files</Filter>
    </None>
    <ClInclude Include="DXUT\Core\DXUT.h">
      <Filter>DXUT</Filter>
    </ClInclude>
    <ClInclude Include="DXUT\Core\DXUTDevice11.h">
      <Filter>DXUT</Filter>
    </ClInclude>
    <ClInclude Include="DXUT\Core\DXUTDevice9.h">
      <Filter>DXUT</Filter>
    </ClInclude>
    <ClInclude Include="DXUT\Core\DXUTmisc.h">
      <Filter>DXUT</Filter>
    </ClInclude>
    <ClCompile Include="DXUT\Core\DXUT.cpp">
      <Filter>DXUT</Filter>
    </ClCompile>
    <ClCompile Include="DXUT\Core\DXUTDevice11.cpp">
      <Filter>DXUT</Filter>
    </ClCompile>
    <ClCompile Include="DXUT\Core\DXUTDevice9.cpp">
      <Filter>DXUT</Filter>
    </ClCompile>
    <ClCompile Include="DXUT\Core\DXUTmisc.cpp">
      <Filter>DXUT</Filter>
    </ClCompile>
    <ClInclude Include="DXUT\Optional\DXUTcamera.h">
      <Filter>DXUT</Filter>
    </ClInclude>
    <ClInclude Include="DXUT\Optional\DXUTgui.h">
      <Filter>DXUT</Filter>
    </ClInclude>
    <ClInclude Include="DXUT\Optional\DXUTres.h">
      <Filter>DXUT</Filter>
    </ClInclude>
    <ClInclude Include="DXUT\Optional\DXUTsettingsdlg.h">
      <Filter>DXUT</Filter>
    </ClInclude>
    <ClInclude Include="DXUT\Optional\SDKmesh.h">
      <Filter>DXUT</Filter>
    </ClInclude>
    <ClInclude Include="DXUT\Optional\SDKmisc.h">
      <Filter>DXUT</Filter>
    </ClInclude>
    <ClCompile Include="DXUT\Optional\DXUTcamera.cpp">
      <Filter>DXUT</Filter>
    </ClCompile>
    <ClCompile Include="DXUT\Optional\DXUTgui.cpp">
      <Filter>DXUT</Filter>
    </ClCompile>
    <ClCompile Include="DXUT\Optional\DXUTres.cpp">
      <Filter>DXUT</Filter>
    </ClCompile>
    <ClCompile Include="DXUT\Optional\DXUTsettingsdlg.cpp">
      <Filter>DXUT</Filter>
    </ClCompile>
    <ClCompile Include="DXUT\Optional\SDKmesh.cpp">
      <Filter>DXUT</Filter>
    </ClCompile>
    <ClCompile Include="DXUT\Optional\SDKmisc.cpp">
      <Filter>DXUT</Filter>
    </ClCompile>
    <None Include="Thing3D_Common.hlsli">
      <Filter>Shaders</Filter>
    </None>
    <None Include="Thing3D_PS.hlsl">
      <Filter>Shaders</Filter>
    </None>
    <None Include="Thing3D_VS.hlsl">
      <Filter>Shaders</Filter>
    </None>
    <None Include="ClassDiagram.cd" />
  </ItemGroup>
  <ItemGroup>
    <ClCompile Include="SimpleSample9.cpp" />
    <ClCompile Include="Basic Thing3D STARTS HERE.cpp" />
    <ClCompile Include="Thing3D\Thing3D.cpp">
      <Filter>Thing3D</Filter>
    </ClCompile>
    <ClCompile Include="Thing3D\Thing3DAbstract.cpp">
      <Filter>Thing3D</Filter>
    </ClCompile>
    <ClCompile Include="Thing3DVS_PS_Pair.cpp">
      <Filter>Thing3D</Filter>
    </ClCompile>
    <ClCompile Include="Thing3D\FlatThing3D.cpp">
      <Filter>Thing3D</Filter>
    </ClCompile>
    <ClCompile Include="Tile\Tile.cpp">
      <Filter>Tile</Filter>
    </ClCompile>
    <ClCompile Include="NigSound\NigSound.cpp" />
    <ClCompile Include="NigSound\NigSoundManager.cpp" />
    <ClCompile Include="ObjectLoader\ObjectLoader.cpp" />
    <ClCompile Include="Thing3D\Object3D.cpp" />
    <ClCompile Include="Thing3D\FlyingThing3D.cpp" />
  </ItemGroup>
  <ItemGroup>
    <CLInclude Include="resource.h">
      <Filter>Resource Files</Filter>
    </CLInclude>
    <ResourceCompile Include="SimpleSample.rc">
      <Filter>Resource Files</Filter>
    </ResourceCompile>
    <ClInclude Include="Thing3D\Thing3D.h">
      <Filter>Thing3D</Filter>
    </ClInclude>
    <ClInclude Include="Thing3D\Thing3DAbstract.h">
      <Filter>Thing3D</Filter>
    </ClInclude>
    <ClInclude Include="Nig.h">
      <Filter>Resource Files</Filter>
    </ClInclude>
    <ClInclude Include="Thing3D\Thing3DVS_PS_Pair.h">
      <Filter>Thing3D</Filter>
    </ClInclude>
    <ClInclude Include="Thing3D\FlatThing3D.h">
      <Filter>Thing3D</Filter>
    </ClInclude>
    <ClInclude Include="Tile\Tile.h">
      <Filter>Tile</Filter>
    </ClInclude>
    <ClInclude Include="NigSound\NigSound.h" />
    <ClInclude Include="NigSound\NigSoundManager.h" />
    <ClInclude Include="ObjectLoader\ObjectLoader.h" />
    <ClInclude Include="Thing3D\Object3D.h" />
    <ClInclude Include="Thing3D\FlyingThing3D.h" />
  </ItemGroup>
</Project>